<?xml version="1.0" encoding="utf-8"?>
<Project ToolsVersion="4.0" xmlns="http://schemas.microsoft.com/developer/msbuild/2003">
  <ItemGroup>
    <Filter Include="Source Files">
      <UniqueIdentifier>{4FC737F1-C7A5-4376-A066-2A32D752A2FF}</UniqueIdentifier>
      <Extensions>cpp;c;cc;cxx;def;odl;idl;hpj;bat;asm;asmx</Extensions>
    </Filter>
    <Filter Include="Header Files">
      <UniqueIdentifier>{93995380-89BD-4b04-88EB-625FBE52EBFB}</UniqueIdentifier>
      <Extensions>h;hh;hpp;hxx;hm;inl;inc;xsd</Extensions>
    </Filter>
    <Filter Include="Resource Files">
      <UniqueIdentifier>{67DA6AB6-F800-4c08-8B7A-83BB121AAD01}</UniqueIdentifier>
      <Extensions>rc;ico;cur;bmp;dlg;rc2;rct;bin;rgs;gif;jpg;jpeg;jpe;resx;tiff;tif;png;wav;mfcribbon-ms</Extensions>
    </Filter>
    <Filter Include="Content">
      <UniqueIdentifier>{787270f9-4eef-4f9e-b82b-abd82e82ccce}</UniqueIdentifier>
    </Filter>
  </ItemGroup>
  <ItemGroup>
    <ClInclude Include="stdafx.h">
      <Filter>Header Files</Filter>
    </ClInclude>
    <ClInclude Include="targetver.h">
      <Filter>Header Files</Filter>
    </ClInclude>
    <ClInclude Include="StateMachine.h">
      <Filter>Header Files</Filter>
    </ClInclude>
    <ClInclude Include="State.h">
      <Filter>Header Files</Filter>
    </ClInclude>
    <ClInclude Include="Transition.h">
      <Filter>Header Files</Filter>
    </ClInclude>
    <ClInclude Include="Action.h">
      <Filter>Header Files</Filter>
    </ClInclude>
    <ClInclude Include="Condition.h">
      <Filter>Header Files</Filter>
    </ClInclude>
    <ClInclude Include="RoomsStateMachine.h">
      <Filter>Header Files</Filter>
    </ClInclude>
    <ClInclude Include="RoomState.h">
      <Filter>Header Files</Filter>
    </ClInclude>
    <ClInclude Include="CommandCondition.h">
      <Filter>Header Files</Filter>
    </ClInclude>
    <ClInclude Include="Blackboard.h">
      <Filter>Header Files</Filter>
    </ClInclude>
    <ClInclude Include="NarrationAction.h">
      <Filter>Header Files</Filter>
    </ClInclude>
    <ClInclude Include="MonsterStateMachine.h">
      <Filter>Header Files</Filter>
    </ClInclude>
    <ClInclude Include="MonsterCondition.h">
      <Filter>Header Files</Filter>
    </ClInclude>
    <ClInclude Include="MonsterMoves.h">
      <Filter>Header Files</Filter>
    </ClInclude>
    <ClInclude Include="MultipleStatesTransition.h">
      <Filter>Header Files</Filter>
    </ClInclude>
    <ClInclude Include="OrCondition.h">
      <Filter>Header Files</Filter>
    </ClInclude>
    <ClInclude Include="RoomCondition.h">
      <Filter>Header Files</Filter>
    </ClInclude>
    <ClInclude Include="PlayingSM.h">
      <Filter>Header Files</Filter>
    </ClInclude>
    <ClInclude Include="MonsterRoomState.h">
      <Filter>Header Files</Filter>
    </ClInclude>
    <ClInclude Include="MultipleOrCondition.h">
      <Filter>Header Files</Filter>
    </ClInclude>
    <ClInclude Include="PlayerWords.h">
      <Filter>Header Files</Filter>
    </ClInclude>
    <ClInclude Include="InGameState.h">
      <Filter>Header Files</Filter>
    </ClInclude>
    <ClInclude Include="FinishedGameCondition.h">
      <Filter>Header Files</Filter>
    </ClInclude>
    <ClInclude Include="MonsterActionState.h">
      <Filter>Header Files</Filter>
    </ClInclude>
    <ClInclude Include="MonsterActionStateMachine.h">
      <Filter>Header Files</Filter>
    </ClInclude>
    <ClInclude Include="NotCondition.h">
      <Filter>Header Files</Filter>
    </ClInclude>
    <ClInclude Include="MonsterAttackAction.h">
      <Filter>Header Files</Filter>
    </ClInclude>
    <ClInclude Include="MonsterWanderAction.h">
      <Filter>Header Files</Filter>
    </ClInclude>
    <ClInclude Include="SameStateCondition.h">
      <Filter>Header Files</Filter>
    </ClInclude>
    <ClInclude Include="ConditionalAction.h">
      <Filter>Header Files</Filter>
    </ClInclude>
    <ClInclude Include="FindMonsterAction.h">
      <Filter>Header Files</Filter>
    </ClInclude>
  </ItemGroup>
  <ItemGroup>
    <ClCompile Include="ForgottenConsole.cpp">
      <Filter>Source Files</Filter>
    </ClCompile>
    <ClCompile Include="StateMachine.cpp">
      <Filter>Source Files</Filter>
    </ClCompile>
    <ClCompile Include="State.cpp">
      <Filter>Source Files</Filter>
    </ClCompile>
    <ClCompile Include="Transition.cpp">
      <Filter>Source Files</Filter>
    </ClCompile>
    <ClCompile Include="RoomsStateMachine.cpp">
      <Filter>Source Files</Filter>
    </ClCompile>
    <ClCompile Include="RoomState.cpp">
      <Filter>Source Files</Filter>
    </ClCompile>
    <ClCompile Include="CommandCondition.cpp">
      <Filter>Source Files</Filter>
    </ClCompile>
    <ClCompile Include="Blackboard.cpp">
      <Filter>Source Files</Filter>
    </ClCompile>
    <ClCompile Include="NarrationAction.cpp">
      <Filter>Source Files</Filter>
    </ClCompile>
    <ClCompile Include="MonsterStateMachine.cpp">
      <Filter>Source Files</Filter>
    </ClCompile>
    <ClCompile Include="MonsterCondition.cpp">
      <Filter>Source Files</Filter>
    </ClCompile>
    <ClCompile Include="MonsterMoves.cpp">
      <Filter>Source Files</Filter>
    </ClCompile>
    <ClCompile Include="Action.cpp">
      <Filter>Source Files</Filter>
    </ClCompile>
    <ClCompile Include="MultipleStatesTransition.cpp">
      <Filter>Source Files</Filter>
    </ClCompile>
    <ClCompile Include="OrCondition.cpp">
      <Filter>Source Files</Filter>
    </ClCompile>
    <ClCompile Include="RoomCondition.cpp">
      <Filter>Source Files</Filter>
    </ClCompile>
    <ClCompile Include="PlayingSM.cpp">
      <Filter>Source Files</Filter>
    </ClCompile>
    <ClCompile Include="MonsterRoomState.cpp">
      <Filter>Source Files</Filter>
    </ClCompile>
    <ClCompile Include="MultipleOrCondition.cpp">
      <Filter>Source Files</Filter>
    </ClCompile>
    <ClCompile Include="PlayerWords.cpp">
      <Filter>Source Files</Filter>
    </ClCompile>
    <ClCompile Include="InGameState.cpp">
      <Filter>Source Files</Filter>
    </ClCompile>
    <ClCompile Include="FinishedGameCondition.cpp">
      <Filter>Source Files</Filter>
    </ClCompile>
    <ClCompile Include="MonsterActionState.cpp">
      <Filter>Source Files</Filter>
    </ClCompile>
    <ClCompile Include="MonsterActionStateMachine.cpp">
      <Filter>Source Files</Filter>
    </ClCompile>
    <ClCompile Include="NotCondition.cpp">
      <Filter>Source Files</Filter>
    </ClCompile>
    <ClCompile Include="MonsterAttackAction.cpp">
      <Filter>Source Files</Filter>
    </ClCompile>
    <ClCompile Include="MonsterWanderAction.cpp">
      <Filter>Source Files</Filter>
    </ClCompile>
    <ClCompile Include="SameStateCondition.cpp">
      <Filter>Source Files</Filter>
    </ClCompile>
    <ClCompile Include="ConditionalAction.cpp">
      <Filter>Source Files</Filter>
    </ClCompile>
    <ClCompile Include="FindMonsterAction.cpp">
      <Filter>Source Files</Filter>
    </ClCompile>
  </ItemGroup>
  <ItemGroup>
    <Text Include="Content\beginning.txt">
      <Filter>Content</Filter>
    </Text>
    <Text Include="Content\bedroom.txt">
      <Filter>Content</Filter>
    </Text>
    <Text Include="Content\computerroom.txt">
      <Filter>Content</Filter>
    </Text>
    <Text Include="Content\bathroom.txt">
      <Filter>Content</Filter>
    </Text>
    <Text Include="Content\frontroom.txt">
      <Filter>Content</Filter>
    </Text>
    <Text Include="Content\guestroom.txt">
      <Filter>Content</Filter>
    </Text>
    <Text Include="Content\hallway.txt">
      <Filter>Content</Filter>
    </Text>
    <Text Include="Content\kitchen.txt">
      <Filter>Content</Filter>
    </Text>
    <Text Include="Content\livingroom.txt">
      <Filter>Content</Filter>
    </Text>
    <Text Include="Content\playroom.txt">
      <Filter>Content</Filter>
    </Text>
    <Text Include="Content\victory.txt">
      <Filter>Content</Filter>
    </Text>
    <Text Include="book.txt">
      <Filter>Content</Filter>
    </Text>
    <Text Include="Content\loser.txt">
      <Filter>Content</Filter>
    </Text>
    <Text Include="remember.txt">
      <Filter>Content</Filter>
    </Text>
  </ItemGroup>
</Project>